// !$*UTF8*$!
{
	archiveVersion = 1;
	classes = {
	};
	objectVersion = 46;
	objects = {

/* Begin PBXBuildFile section */
		438EF9F31D3B0BD600D862FD /* AppDelegate.swift in Sources */ = {isa = PBXBuildFile; fileRef = 438EF9F21D3B0BD600D862FD /* AppDelegate.swift */; };
		438EF9F51D3B0BD600D862FD /* ViewController.swift in Sources */ = {isa = PBXBuildFile; fileRef = 438EF9F41D3B0BD600D862FD /* ViewController.swift */; };
		438EF9F81D3B0BD600D862FD /* Main.storyboard in Resources */ = {isa = PBXBuildFile; fileRef = 438EF9F61D3B0BD600D862FD /* Main.storyboard */; };
		438EF9FB1D3B0BD600D862FD /* exploringTuners.xcdatamodeld in Sources */ = {isa = PBXBuildFile; fileRef = 438EF9F91D3B0BD600D862FD /* exploringTuners.xcdatamodeld */; };
		438EF9FD1D3B0BD600D862FD /* Assets.xcassets in Resources */ = {isa = PBXBuildFile; fileRef = 438EF9FC1D3B0BD600D862FD /* Assets.xcassets */; };
		438EFA001D3B0BD600D862FD /* LaunchScreen.storyboard in Resources */ = {isa = PBXBuildFile; fileRef = 438EF9FE1D3B0BD600D862FD /* LaunchScreen.storyboard */; };
		438EFA0B1D3B0BD600D862FD /* exploringTunersTests.swift in Sources */ = {isa = PBXBuildFile; fileRef = 438EFA0A1D3B0BD600D862FD /* exploringTunersTests.swift */; };
		438EFA161D3B0BD600D862FD /* exploringTunersUITests.swift in Sources */ = {isa = PBXBuildFile; fileRef = 438EFA151D3B0BD600D862FD /* exploringTunersUITests.swift */; };
/* End PBXBuildFile section */

/* Begin PBXContainerItemProxy section */
		438EFA071D3B0BD600D862FD /* PBXContainerItemProxy */ = {
			isa = PBXContainerItemProxy;
			containerPortal = 438EF9E71D3B0BD600D862FD /* Project object */;
			proxyType = 1;
			remoteGlobalIDString = 438EF9EE1D3B0BD600D862FD;
			remoteInfo = exploringTuners;
		};
		438EFA121D3B0BD600D862FD /* PBXContainerItemProxy */ = {
			isa = PBXContainerItemProxy;
			containerPortal = 438EF9E71D3B0BD600D862FD /* Project object */;
			proxyType = 1;
			remoteGlobalIDString = 438EF9EE1D3B0BD600D862FD;
			remoteInfo = exploringTuners;
		};
/* End PBXContainerItemProxy section */

/* Begin PBXFileReference section */
		438EF9EF1D3B0BD600D862FD /* exploringTuners.app */ = {isa = PBXFileReference; explicitFileType = wrapper.application; includeInIndex = 0; path = exploringTuners.app; sourceTree = BUILT_PRODUCTS_DIR; };
		438EF9F21D3B0BD600D862FD /* AppDelegate.swift */ = {isa = PBXFileReference; lastKnownFileType = sourcecode.swift; path = AppDelegate.swift; sourceTree = "<group>"; };
		438EF9F41D3B0BD600D862FD /* ViewController.swift */ = {isa = PBXFileReference; lastKnownFileType = sourcecode.swift; path = ViewController.swift; sourceTree = "<group>"; };
		438EF9F71D3B0BD600D862FD /* Base */ = {isa = PBXFileReference; lastKnownFileType = file.storyboard; name = Base; path = Base.lproj/Main.storyboard; sourceTree = "<group>"; };
		438EF9FA1D3B0BD600D862FD /* exploringTuners.xcdatamodel */ = {isa = PBXFileReference; lastKnownFileType = wrapper.xcdatamodel; path = exploringTuners.xcdatamodel; sourceTree = "<group>"; };
		438EF9FC1D3B0BD600D862FD /* Assets.xcassets */ = {isa = PBXFileReference; lastKnownFileType = folder.assetcatalog; path = Assets.xcassets; sourceTree = "<group>"; };
		438EF9FF1D3B0BD600D862FD /* Base */ = {isa = PBXFileReference; lastKnownFileType = file.storyboard; name = Base; path = Base.lproj/LaunchScreen.storyboard; sourceTree = "<group>"; };
		438EFA011D3B0BD600D862FD /* Info.plist */ = {isa = PBXFileReference; lastKnownFileType = text.plist.xml; path = Info.plist; sourceTree = "<group>"; };
		438EFA061D3B0BD600D862FD /* exploringTunersTests.xctest */ = {isa = PBXFileReference; explicitFileType = wrapper.cfbundle; includeInIndex = 0; path = exploringTunersTests.xctest; sourceTree = BUILT_PRODUCTS_DIR; };
		438EFA0A1D3B0BD600D862FD /* exploringTunersTests.swift */ = {isa = PBXFileReference; lastKnownFileType = sourcecode.swift; path = exploringTunersTests.swift; sourceTree = "<group>"; };
		438EFA0C1D3B0BD600D862FD /* Info.plist */ = {isa = PBXFileReference; lastKnownFileType = text.plist.xml; path = Info.plist; sourceTree = "<group>"; };
		438EFA111D3B0BD600D862FD /* exploringTunersUITests.xctest */ = {isa = PBXFileReference; explicitFileType = wrapper.cfbundle; includeInIndex = 0; path = exploringTunersUITests.xctest; sourceTree = BUILT_PRODUCTS_DIR; };
		438EFA151D3B0BD600D862FD /* exploringTunersUITests.swift */ = {isa = PBXFileReference; lastKnownFileType = sourcecode.swift; path = exploringTunersUITests.swift; sourceTree = "<group>"; };
		438EFA171D3B0BD600D862FD /* Info.plist */ = {isa = PBXFileReference; lastKnownFileType = text.plist.xml; path = Info.plist; sourceTree = "<group>"; };
/* End PBXFileReference section */

/* Begin PBXFrameworksBuildPhase section */
		438EF9EC1D3B0BD600D862FD /* Frameworks */ = {
			isa = PBXFrameworksBuildPhase;
			buildActionMask = 2147483647;
			files = (
			);
			runOnlyForDeploymentPostprocessing = 0;
		};
		438EFA031D3B0BD600D862FD /* Frameworks */ = {
			isa = PBXFrameworksBuildPhase;
			buildActionMask = 2147483647;
			files = (
			);
			runOnlyForDeploymentPostprocessing = 0;
		};
		438EFA0E1D3B0BD600D862FD /* Frameworks */ = {
			isa = PBXFrameworksBuildPhase;
			buildActionMask = 2147483647;
			files = (
			);
			runOnlyForDeploymentPostprocessing = 0;
		};
/* End PBXFrameworksBuildPhase section */

/* Begin PBXGroup section */
		438EF9E61D3B0BD600D862FD = {
			isa = PBXGroup;
			children = (
				438EF9F11D3B0BD600D862FD /* exploringTuners */,
				438EFA091D3B0BD600D862FD /* exploringTunersTests */,
				438EFA141D3B0BD600D862FD /* exploringTunersUITests */,
				438EF9F01D3B0BD600D862FD /* Products */,
			);
			sourceTree = "<group>";
		};
		438EF9F01D3B0BD600D862FD /* Products */ = {
			isa = PBXGroup;
			children = (
				438EF9EF1D3B0BD600D862FD /* exploringTuners.app */,
				438EFA061D3B0BD600D862FD /* exploringTunersTests.xctest */,
				438EFA111D3B0BD600D862FD /* exploringTunersUITests.xctest */,
			);
			name = Products;
			sourceTree = "<group>";
		};
		438EF9F11D3B0BD600D862FD /* exploringTuners */ = {
			isa = PBXGroup;
			children = (
				438EF9F21D3B0BD600D862FD /* AppDelegate.swift */,
				438EF9F41D3B0BD600D862FD /* ViewController.swift */,
				438EF9F61D3B0BD600D862FD /* Main.storyboard */,
				438EF9FC1D3B0BD600D862FD /* Assets.xcassets */,
				438EF9FE1D3B0BD600D862FD /* LaunchScreen.storyboard */,
				438EFA011D3B0BD600D862FD /* Info.plist */,
				438EF9F91D3B0BD600D862FD /* exploringTuners.xcdatamodeld */,
			);
			path = exploringTuners;
			sourceTree = "<group>";
		};
		438EFA091D3B0BD600D862FD /* exploringTunersTests */ = {
			isa = PBXGroup;
			children = (
				438EFA0A1D3B0BD600D862FD /* exploringTunersTests.swift */,
				438EFA0C1D3B0BD600D862FD /* Info.plist */,
			);
			path = exploringTunersTests;
			sourceTree = "<group>";
		};
		438EFA141D3B0BD600D862FD /* exploringTunersUITests */ = {
			isa = PBXGroup;
			children = (
				438EFA151D3B0BD600D862FD /* exploringTunersUITests.swift */,
				438EFA171D3B0BD600D862FD /* Info.plist */,
			);
			path = exploringTunersUITests;
			sourceTree = "<group>";
		};
/* End PBXGroup section */

/* Begin PBXNativeTarget section */
		438EF9EE1D3B0BD600D862FD /* exploringTuners */ = {
			isa = PBXNativeTarget;
			buildConfigurationList = 438EFA1A1D3B0BD600D862FD /* Build configuration list for PBXNativeTarget "exploringTuners" */;
			buildPhases = (
				438EF9EB1D3B0BD600D862FD /* Sources */,
				438EF9EC1D3B0BD600D862FD /* Frameworks */,
				438EF9ED1D3B0BD600D862FD /* Resources */,
			);
			buildRules = (
			);
			dependencies = (
			);
			name = exploringTuners;
			productName = exploringTuners;
			productReference = 438EF9EF1D3B0BD600D862FD /* exploringTuners.app */;
			productType = "com.apple.product-type.application";
		};
		438EFA051D3B0BD600D862FD /* exploringTunersTests */ = {
			isa = PBXNativeTarget;
			buildConfigurationList = 438EFA1D1D3B0BD600D862FD /* Build configuration list for PBXNativeTarget "exploringTunersTests" */;
			buildPhases = (
				438EFA021D3B0BD600D862FD /* Sources */,
				438EFA031D3B0BD600D862FD /* Frameworks */,
				438EFA041D3B0BD600D862FD /* Resources */,
			);
			buildRules = (
			);
			dependencies = (
				438EFA081D3B0BD600D862FD /* PBXTargetDependency */,
			);
			name = exploringTunersTests;
			productName = exploringTunersTests;
			productReference = 438EFA061D3B0BD600D862FD /* exploringTunersTests.xctest */;
			productType = "com.apple.product-type.bundle.unit-test";
		};
		438EFA101D3B0BD600D862FD /* exploringTunersUITests */ = {
			isa = PBXNativeTarget;
			buildConfigurationList = 438EFA201D3B0BD600D862FD /* Build configuration list for PBXNativeTarget "exploringTunersUITests" */;
			buildPhases = (
				438EFA0D1D3B0BD600D862FD /* Sources */,
				438EFA0E1D3B0BD600D862FD /* Frameworks */,
				438EFA0F1D3B0BD600D862FD /* Resources */,
			);
			buildRules = (
			);
			dependencies = (
				438EFA131D3B0BD600D862FD /* PBXTargetDependency */,
			);
			name = exploringTunersUITests;
			productName = exploringTunersUITests;
			productReference = 438EFA111D3B0BD600D862FD /* exploringTunersUITests.xctest */;
			productType = "com.apple.product-type.bundle.ui-testing";
		};
/* End PBXNativeTarget section */

/* Begin PBXProject section */
		438EF9E71D3B0BD600D862FD /* Project object */ = {
			isa = PBXProject;
			attributes = {
				LastSwiftUpdateCheck = 0730;
				LastUpgradeCheck = 0730;
				ORGANIZATIONNAME = "Rebecca Bartels";
				TargetAttributes = {
					438EF9EE1D3B0BD600D862FD = {
						CreatedOnToolsVersion = 7.3.1;
					};
					438EFA051D3B0BD600D862FD = {
						CreatedOnToolsVersion = 7.3.1;
						TestTargetID = 438EF9EE1D3B0BD600D862FD;
					};
					438EFA101D3B0BD600D862FD = {
						CreatedOnToolsVersion = 7.3.1;
						TestTargetID = 438EF9EE1D3B0BD600D862FD;
					};
				};
			};
			buildConfigurationList = 438EF9EA1D3B0BD600D862FD /* Build configuration list for PBXProject "exploringTuners" */;
			compatibilityVersion = "Xcode 3.2";
			developmentRegion = English;
			hasScannedForEncodings = 0;
			knownRegions = (
				en,
				Base,
			);
			mainGroup = 438EF9E61D3B0BD600D862FD;
			productRefGroup = 438EF9F01D3B0BD600D862FD /* Products */;
			projectDirPath = "";
			projectRoot = "";
			targets = (
				438EF9EE1D3B0BD600D862FD /* exploringTuners */,
				438EFA051D3B0BD600D862FD /* exploringTunersTests */,
				438EFA101D3B0BD600D862FD /* exploringTunersUITests */,
			);
		};
/* End PBXProject section */

/* Begin PBXResourcesBuildPhase section */
		438EF9ED1D3B0BD600D862FD /* Resources */ = {
			isa = PBXResourcesBuildPhase;
			buildActionMask = 2147483647;
			files = (
				438EFA001D3B0BD600D862FD /* LaunchScreen.storyboard in Resources */,
				438EF9FD1D3B0BD600D862FD /* Assets.xcassets in Resources */,
				438EF9F81D3B0BD600D862FD /* Main.storyboard in Resources */,
			);
			runOnlyForDeploymentPostprocessing = 0;
		};
		438EFA041D3B0BD600D862FD /* Resources */ = {
			isa = PBXResourcesBuildPhase;
			buildActionMask = 2147483647;
			files = (
			);
			runOnlyForDeploymentPostprocessing = 0;
		};
		438EFA0F1D3B0BD600D862FD /* Resources */ = {
			isa = PBXResourcesBuildPhase;
			buildActionMask = 2147483647;
			files = (
			);
			runOnlyForDeploymentPostprocessing = 0;
		};
/* End PBXResourcesBuildPhase section */

/* Begin PBXSourcesBuildPhase section */
		438EF9EB1D3B0BD600D862FD /* Sources */ = {
			isa = PBXSourcesBuildPhase;
			buildActionMask = 2147483647;
			files = (
				438EF9F51D3B0BD600D862FD /* ViewController.swift in Sources */,
				438EF9FB1D3B0BD600D862FD /* exploringTuners.xcdatamodeld in Sources */,
				438EF9F31D3B0BD600D862FD /* AppDelegate.swift in Sources */,
			);
			runOnlyForDeploymentPostprocessing = 0;
		};
		438EFA021D3B0BD600D862FD /* Sources */ = {
			isa = PBXSourcesBuildPhase;
			buildActionMask = 2147483647;
			files = (
				438EFA0B1D3B0BD600D862FD /* exploringTunersTests.swift in Sources */,
			);
			runOnlyForDeploymentPostprocessing = 0;
		};
		438EFA0D1D3B0BD600D862FD /* Sources */ = {
			isa = PBXSourcesBuildPhase;
			buildActionMask = 2147483647;
			files = (
				438EFA161D3B0BD600D862FD /* exploringTunersUITests.swift in Sources */,
			);
			runOnlyForDeploymentPostprocessing = 0;
		};
/* End PBXSourcesBuildPhase section */

/* Begin PBXTargetDependency section */
		438EFA081D3B0BD600D862FD /* PBXTargetDependency */ = {
			isa = PBXTargetDependency;
			target = 438EF9EE1D3B0BD600D862FD /* exploringTuners */;
			targetProxy = 438EFA071D3B0BD600D862FD /* PBXContainerItemProxy */;
		};
		438EFA131D3B0BD600D862FD /* PBXTargetDependency */ = {
			isa = PBXTargetDependency;
			target = 438EF9EE1D3B0BD600D862FD /* exploringTuners */;
			targetProxy = 438EFA121D3B0BD600D862FD /* PBXContainerItemProxy */;
		};
/* End PBXTargetDependency section */

/* Begin PBXVariantGroup section */
		438EF9F61D3B0BD600D862FD /* Main.storyboard */ = {
			isa = PBXVariantGroup;
			children = (
				438EF9F71D3B0BD600D862FD /* Base */,
			);
			name = Main.storyboard;
			sourceTree = "<group>";
		};
		438EF9FE1D3B0BD600D862FD /* LaunchScreen.storyboard */ = {
			isa = PBXVariantGroup;
			children = (
				438EF9FF1D3B0BD600D862FD /* Base */,
			);
			name = LaunchScreen.storyboard;
			sourceTree = "<group>";
		};
/* End PBXVariantGroup section */

/* Begin XCBuildConfiguration section */
		438EFA181D3B0BD600D862FD /* Debug */ = {
			isa = XCBuildConfiguration;
			buildSettings = {
				ALWAYS_SEARCH_USER_PATHS = NO;
				CLANG_ANALYZER_NONNULL = YES;
				CLANG_CXX_LANGUAGE_STANDARD = "gnu++0x";
				CLANG_CXX_LIBRARY = "libc++";
				CLANG_ENABLE_MODULES = YES;
				CLANG_ENABLE_OBJC_ARC = YES;
				CLANG_WARN_BOOL_CONVERSION = YES;
				CLANG_WARN_CONSTANT_CONVERSION = YES;
				CLANG_WARN_DIRECT_OBJC_ISA_USAGE = YES_ERROR;
				CLANG_WARN_EMPTY_BODY = YES;
				CLANG_WARN_ENUM_CONVERSION = YES;
				CLANG_WARN_INT_CONVERSION = YES;
				CLANG_WARN_OBJC_ROOT_CLASS = YES_ERROR;
				CLANG_WARN_UNREACHABLE_CODE = YES;
				CLANG_WARN__DUPLICATE_METHOD_MATCH = YES;
				"CODE_SIGN_IDENTITY[sdk=iphoneos*]" = "iPhone Developer";
				COPY_PHASE_STRIP = NO;
				DEBUG_INFORMATION_FORMAT = dwarf;
				ENABLE_STRICT_OBJC_MSGSEND = YES;
				ENABLE_TESTABILITY = YES;
				GCC_C_LANGUAGE_STANDARD = gnu99;
				GCC_DYNAMIC_NO_PIC = NO;
				GCC_NO_COMMON_BLOCKS = YES;
				GCC_OPTIMIZATION_LEVEL = 0;
				GCC_PREPROCESSOR_DEFINITIONS = (
					"DEBUG=1",
					"$(inherited)",
				);
				GCC_WARN_64_TO_32_BIT_CONVERSION = YES;
				GCC_WARN_ABOUT_RETURN_TYPE = YES_ERROR;
				GCC_WARN_UNDECLARED_SELECTOR = YES;
				GCC_WARN_UNINITIALIZED_AUTOS = YES_AGGRESSIVE;
				GCC_WARN_UNUSED_FUNCTION = YES;
				GCC_WARN_UNUSED_VARIABLE = YES;
				IPHONEOS_DEPLOYMENT_TARGET = 9.3;
				MTL_ENABLE_DEBUG_INFO = YES;
				ONLY_ACTIVE_ARCH = YES;
				SDKROOT = iphoneos;
				SWIFT_OPTIMIZATION_LEVEL = "-Onone";
				TARGETED_DEVICE_FAMILY = "1,2";
			};
			name = Debug;
		};
		438EFA191D3B0BD600D862FD /* Release */ = {
			isa = XCBuildConfiguration;
			buildSettings = {
				ALWAYS_SEARCH_USER_PATHS = NO;
				CLANG_ANALYZER_NONNULL = YES;
				CLANG_CXX_LANGUAGE_STANDARD = "gnu++0x";
				CLANG_CXX_LIBRARY = "libc++";
				CLANG_ENABLE_MODULES = YES;
				CLANG_ENABLE_OBJC_ARC = YES;
				CLANG_WARN_BOOL_CONVERSION = YES;
				CLANG_WARN_CONSTANT_CONVERSION = YES;
				CLANG_WARN_DIRECT_OBJC_ISA_USAGE = YES_ERROR;
				CLANG_WARN_EMPTY_BODY = YES;
				CLANG_WARN_ENUM_CONVERSION = YES;
				CLANG_WARN_INT_CONVERSION = YES;
				CLANG_WARN_OBJC_ROOT_CLASS = YES_ERROR;
				CLANG_WARN_UNREACHABLE_CODE = YES;
				CLANG_WARN__DUPLICATE_METHOD_MATCH = YES;
				"CODE_SIGN_IDENTITY[sdk=iphoneos*]" = "iPhone Developer";
				COPY_PHASE_STRIP = NO;
				DEBUG_INFORMATION_FORMAT = "dwarf-with-dsym";
				ENABLE_NS_ASSERTIONS = NO;
				ENABLE_STRICT_OBJC_MSGSEND = YES;
				GCC_C_LANGUAGE_STANDARD = gnu99;
				GCC_NO_COMMON_BLOCKS = YES;
				GCC_WARN_64_TO_32_BIT_CONVERSION = YES;
				GCC_WARN_ABOUT_RETURN_TYPE = YES_ERROR;
				GCC_WARN_UNDECLARED_SELECTOR = YES;
				GCC_WARN_UNINITIALIZED_AUTOS = YES_AGGRESSIVE;
				GCC_WARN_UNUSED_FUNCTION = YES;
				GCC_WARN_UNUSED_VARIABLE = YES;
				IPHONEOS_DEPLOYMENT_TARGET = 9.3;
				MTL_ENABLE_DEBUG_INFO = NO;
				SDKROOT = iphoneos;
				TARGETED_DEVICE_FAMILY = "1,2";
				VALIDATE_PRODUCT = YES;
			};
			name = Release;
		};
		438EFA1B1D3B0BD600D862FD /* Debug */ = {
			isa = XCBuildConfiguration;
			buildSettings = {
				ASSETCATALOG_COMPILER_APPICON_NAME = AppIcon;
				INFOPLIST_FILE = exploringTuners/Info.plist;
				LD_RUNPATH_SEARCH_PATHS = "$(inherited) @executable_path/Frameworks";
				PRODUCT_BUNDLE_IDENTIFIER = rebeccaKFBartels.exploringTuners;
				PRODUCT_NAME = "$(TARGET_NAME)";
			};
			name = Debug;
		};
		438EFA1C1D3B0BD600D862FD /* Release */ = {
			isa = XCBuildConfiguration;
			buildSettings = {
				ASSETCATALOG_COMPILER_APPICON_NAME = AppIcon;
				INFOPLIST_FILE = exploringTuners/Info.plist;
				LD_RUNPATH_SEARCH_PATHS = "$(inherited) @executable_path/Frameworks";
				PRODUCT_BUNDLE_IDENTIFIER = rebeccaKFBartels.exploringTuners;
				PRODUCT_NAME = "$(TARGET_NAME)";
			};
			name = Release;
		};
		438EFA1E1D3B0BD600D862FD /* Debug */ = {
			isa = XCBuildConfiguration;
			buildSettings = {
				BUNDLE_LOADER = "$(TEST_HOST)";
				INFOPLIST_FILE = exploringTunersTests/Info.plist;
				LD_RUNPATH_SEARCH_PATHS = "$(inherited) @executable_path/Frameworks @loader_path/Frameworks";
				PRODUCT_BUNDLE_IDENTIFIER = rebeccaKFBartels.exploringTunersTests;
				PRODUCT_NAME = "$(TARGET_NAME)";
				TEST_HOST = "$(BUILT_PRODUCTS_DIR)/exploringTuners.app/exploringTuners";
			};
			name = Debug;
		};
		438EFA1F1D3B0BD600D862FD /* Release */ = {
			isa = XCBuildConfiguration;
			buildSettings = {
				BUNDLE_LOADER = "$(TEST_HOST)";
				INFOPLIST_FILE = exploringTunersTests/Info.plist;
				LD_RUNPATH_SEARCH_PATHS = "$(inherited) @executable_path/Frameworks @loader_path/Frameworks";
				PRODUCT_BUNDLE_IDENTIFIER = rebeccaKFBartels.exploringTunersTests;
				PRODUCT_NAME = "$(TARGET_NAME)";
				TEST_HOST = "$(BUILT_PRODUCTS_DIR)/exploringTuners.app/exploringTuners";
			};
			name = Release;
		};
		438EFA211D3B0BD600D862FD /* Debug */ = {
			isa = XCBuildConfiguration;
			buildSettings = {
				INFOPLIST_FILE = exploringTunersUITests/Info.plist;
				LD_RUNPATH_SEARCH_PATHS = "$(inherited) @executable_path/Frameworks @loader_path/Frameworks";
				PRODUCT_BUNDLE_IDENTIFIER = rebeccaKFBartels.exploringTunersUITests;
				PRODUCT_NAME = "$(TARGET_NAME)";
				TEST_TARGET_NAME = exploringTuners;
			};
			name = Debug;
		};
		438EFA221D3B0BD600D862FD /* Release */ = {
			isa = XCBuildConfiguration;
			buildSettings = {
				INFOPLIST_FILE = exploringTunersUITests/Info.plist;
				LD_RUNPATH_SEARCH_PATHS = "$(inherited) @executable_path/Frameworks @loader_path/Frameworks";
				PRODUCT_BUNDLE_IDENTIFIER = rebeccaKFBartels.exploringTunersUITests;
				PRODUCT_NAME = "$(TARGET_NAME)";
				TEST_TARGET_NAME = exploringTuners;
			};
			name = Release;
		};
/* End XCBuildConfiguration section */

/* Begin XCConfigurationList section */
		438EF9EA1D3B0BD600D862FD /* Build configuration list for PBXProject "exploringTuners" */ = {
			isa = XCConfigurationList;
			buildConfigurations = (
				438EFA181D3B0BD600D862FD /* Debug */,
				438EFA191D3B0BD600D862FD /* Release */,
			);
			defaultConfigurationIsVisible = 0;
			defaultConfigurationName = Release;
		};
		438EFA1A1D3B0BD600D862FD /* Build configuration list for PBXNativeTarget "exploringTuners" */ = {
			isa = XCConfigurationList;
			buildConfigurations = (
				438EFA1B1D3B0BD600D862FD /* Debug */,
				438EFA1C1D3B0BD600D862FD /* Release */,
			);
			defaultConfigurationIsVisible = 0;
		};
		438EFA1D1D3B0BD600D862FD /* Build configuration list for PBXNativeTarget "exploringTunersTests" */ = {
			isa = XCConfigurationList;
			buildConfigurations = (
				438EFA1E1D3B0BD600D862FD /* Debug */,
				438EFA1F1D3B0BD600D862FD /* Release */,
			);
			defaultConfigurationIsVisible = 0;
		};
		438EFA201D3B0BD600D862FD /* Build configuration list for PBXNativeTarget "exploringTunersUITests" */ = {
			isa = XCConfigurationList;
			buildConfigurations = (
				438EFA211D3B0BD600D862FD /* Debug */,
				438EFA221D3B0BD600D862FD /* Release */,
			);
			defaultConfigurationIsVisible = 0;
		};
/* End XCConfigurationList section */

/* Begin XCVersionGroup section */
		438EF9F91D3B0BD600D862FD /* exploringTuners.xcdatamodeld */ = {
			isa = XCVersionGroup;
			children = (
				438EF9FA1D3B0BD600D862FD /* exploringTuners.xcdatamodel */,
			);
			currentVersion = 438EF9FA1D3B0BD600D862FD /* exploringTuners.xcdatamodel */;
			path = exploringTuners.xcdatamodeld;
			sourceTree = "<group>";
			versionGroupType = wrapper.xcdatamodel;
		};
/* End XCVersionGroup section */
	};
	rootObject = 438EF9E71D3B0BD600D862FD /* Project object */;
}
